<?xml version="1.0" encoding="utf-8"?>
<Project ToolsVersion="17.0" xmlns="http://schemas.microsoft.com/developer/msbuild/2003">
  <ItemGroup>
    <ClInclude Include="D:\CryNet_library\crytek\cryengine-57-lts\5.7.1\Code\CryEngine\CryCommon\CryCore\Platform\platform.h">
      <Filter>Header Files</Filter>
    </ClInclude>
  </ItemGroup>
  <ItemGroup>
    <CustomBuild Include="E:\CryTPS\My Project2\Code\CMakeLists.txt" />
  </ItemGroup>
  <ItemGroup>
    <Filter Include="Header Files">
      <UniqueIdentifier>{0FC2D41E-46D7-3FF0-B746-0D277042FB5B}</UniqueIdentifier>
    </Filter>
  </ItemGroup>
</Project>
